
Microsoft Visual Studio Solution File, Format Version 12.00
# Visual Studio Version 17
VisualStudioVersion = 17.3.32922.545
MinimumVisualStudioVersion = 10.0.40219.1
Project("{FAE04EC0-301F-11D3-BF4B-00C04F79EFBC}") = "GeneticDrift", "GeneticDrift\GeneticDrift.csproj", "{3352305E-B03A-4FA5-8B68-B37B5E792EFE}"
EndProject
Global
	GlobalSection(SolutionConfigurationPlatforms) = preSolution
		Debug|Any CPU = Debug|Any CPU
		Release|Any CPU = Release|Any CPU
	EndGlobalSection
	GlobalSection(ProjectConfigurationPlatforms) = postSolution
		{3352305E-B03A-4FA5-8B68-B37B5E792EFE}.Debug|Any CPU.ActiveCfg = Debug|Any CPU
		{3352305E-B03A-4FA5-8B68-B37B5E792EFE}.Debug|Any CPU.Build.0 = Debug|Any CPU
		{3352305E-B03A-4FA5-8B68-B37B5E792EFE}.Release|Any CPU.ActiveCfg = Release|Any CPU
		{3352305E-B03A-4FA5-8B68-B37B5E792EFE}.Release|Any CPU.Build.0 = Release|Any CPU
	EndGlobalSection
	GlobalSection(SolutionProperties) = preSolution
		HideSolutionNode = FALSE
	EndGlobalSection
	GlobalSection(ExtensibilityGlobals) = postSolution
		SolutionGuid = {C5899C03-AB9D-4BF8-899B-C1EF3F303924}
	EndGlobalSection
EndGlobal
