
Microsoft Visual Studio Solution File, Format Version 12.00
Project("{FAE04EC0-301F-11D3-BF4B-00C04F79EFBC}") = "ccc_20.10.2023", "ccc_20.10.2023\ccc_20.10.2023.csproj", "{B8FF1DCE-829B-4F4E-A779-0DBBAAD5786C}"
EndProject
Global
	GlobalSection(SolutionConfigurationPlatforms) = preSolution
		Debug|Any CPU = Debug|Any CPU
		Release|Any CPU = Release|Any CPU
	EndGlobalSection
	GlobalSection(ProjectConfigurationPlatforms) = postSolution
		{B8FF1DCE-829B-4F4E-A779-0DBBAAD5786C}.Debug|Any CPU.ActiveCfg = Debug|Any CPU
		{B8FF1DCE-829B-4F4E-A779-0DBBAAD5786C}.Debug|Any CPU.Build.0 = Debug|Any CPU
		{B8FF1DCE-829B-4F4E-A779-0DBBAAD5786C}.Release|Any CPU.ActiveCfg = Release|Any CPU
		{B8FF1DCE-829B-4F4E-A779-0DBBAAD5786C}.Release|Any CPU.Build.0 = Release|Any CPU
	EndGlobalSection
EndGlobal
